# THIS IS AN AUTOGENERATED FILE. DO NOT EDIT THIS FILE DIRECTLY.
# yarn lockfile v1


"@pansy/amap-api-loader@0.4.4":
  "integrity" "sha512-dOFSeHQLnqoah0V28InhFL5hdmb1zcE2gTOviyy0GHk6pMnu//RxAQyG0phM7LTE4JhWlAEEopvQh67adHUkoQ=="
  "resolved" "https://registry.npmmirror.com/@pansy/amap-api-loader/-/amap-api-loader-0.4.4.tgz"
  "version" "0.4.4"
  dependencies:
    "@pansy/amap-types" "2.17.3"

"@pansy/amap-types@2.17.3":
  "integrity" "sha512-CiZCOA6N3VRw1nWIvL78olvrxCybiKI9MGpah2Jx692Jo6bLDHGO7/u4hk6FPmAVMPT6oODFBrnI7DHIAiCSOQ=="
  "resolved" "https://registry.npmmirror.com/@pansy/amap-types/-/amap-types-2.17.3.tgz"
  "version" "2.17.3"

"@pansy/react-amap-core@1.3.8":
  "integrity" "sha512-lqA9r8uMrH6drgvnDqCgr8elSxBdDw2WOrCSbHS+HMg+DxLsZiF1tkHkT1PkLxgaqXIFxltAjFGfQB22rxEi6A=="
  "resolved" "https://registry.npmmirror.com/@pansy/react-amap-core/-/react-amap-core-1.3.8.tgz"
  "version" "1.3.8"
  dependencies:
    "@pansy/amap-types" "2.17.3"

"@pansy/react-amap@^2.15.7":
  "integrity" "sha512-i3pX1kxrYN44A+vUbcUyAmTFusmgRPBf882dpdGcsPRW4vT4YA/0Gw00H2w9KvunW0udwA+ViCtN3/6Mg6+UvA=="
  "resolved" "https://registry.npmmirror.com/@pansy/react-amap/-/react-amap-2.15.7.tgz"
  "version" "2.15.7"
  dependencies:
    "@pansy/amap-api-loader" "0.4.4"
    "@pansy/amap-types" "2.17.3"
    "@pansy/react-amap-core" "1.3.8"
    "@pansy/use-portal" "^0.2.0"

"@pansy/use-portal@^0.2.0":
  "integrity" "sha512-DdQLHxVbYsQP0iOlV09G2QlvQv47tr81NUBaPWesT1E8+/C2LeRUg8+WSf9JIzph3rBOxzx1FENpvy7gp33frw=="
  "resolved" "https://registry.npmmirror.com/@pansy/use-portal/-/use-portal-0.2.1.tgz"
  "version" "0.2.1"

"adler-32@~1.3.0":
  "integrity" "sha512-ynZ4w/nUUv5rrsR8UUGoe1VC9hZj6V5hU9Qw1HlMDJGEJw5S7TfTErWTjMys6M7vr0YWcPqs3qAr4ss0nDfP+A=="
  "resolved" "https://registry.npmmirror.com/adler-32/-/adler-32-1.3.1.tgz"
  "version" "1.3.1"

"cfb@~1.2.1":
  "integrity" "sha512-KfdUZsSOw19/ObEWasvBP/Ac4reZvAGauZhs6S/gqNhXhI7cKwvlH7ulj+dOEYnca4bm4SGo8C1bTAQvnTjgQA=="
  "resolved" "https://registry.npmmirror.com/cfb/-/cfb-1.2.2.tgz"
  "version" "1.2.2"
  dependencies:
    "adler-32" "~1.3.0"
    "crc-32" "~1.2.0"

"codepage@~1.15.0":
  "integrity" "sha512-3g6NUTPd/YtuuGrhMnOMRjFc+LJw/bnMp3+0r/Wcz3IXUuCosKRJvMphm5+Q+bvTVGcJJuRvVLuYba+WojaFaA=="
  "resolved" "https://registry.npmmirror.com/codepage/-/codepage-1.15.0.tgz"
  "version" "1.15.0"

"crc-32@~1.2.0", "crc-32@~1.2.1":
  "integrity" "sha512-ROmzCKrTnOwybPcJApAA6WBWij23HVfGVNKqqrZpuyZOHqK2CwHSvpGuyt/UNNvaIjEd8X5IFGp4Mh+Ie1IHJQ=="
  "resolved" "https://registry.npmmirror.com/crc-32/-/crc-32-1.2.2.tgz"
  "version" "1.2.2"

"echarts@^5.4.2":
  "integrity" "sha512-2W3vw3oI2tWJdyAz+b8DuWS0nfXtSDqlDmqgin/lfzbkB01cuMEN66KWBlmur3YMp5nEDEEt5s23pllnAzB4EA=="
  "resolved" "https://registry.npmmirror.com/echarts/-/echarts-5.4.2.tgz"
  "version" "5.4.2"
  dependencies:
    "tslib" "2.3.0"
    "zrender" "5.4.3"

"frac@~1.1.2":
  "integrity" "sha512-w/XBfkibaTl3YDqASwfDUqkna4Z2p9cFSr1aHDt0WoMTECnRfBOv2WArlZILlqgWlmdIlALXGpM2AOhEk5W3IA=="
  "resolved" "https://registry.npmmirror.com/frac/-/frac-1.1.2.tgz"
  "version" "1.1.2"

"js-tokens@^3.0.0 || ^4.0.0":
  "integrity" "sha512-RdJUflcE3cUzKiMqQgsCu06FPu9UdIJO0beYbPhHN4k6apgJtifcoCtT9bcxOpYBtpD2kCM6Sbzg4CausW/PKQ=="
  "resolved" "https://registry.npmmirror.com/js-tokens/-/js-tokens-4.0.0.tgz"
  "version" "4.0.0"

"loose-envify@^1.1.0":
  "integrity" "sha512-lyuxPGr/Wfhrlem2CL/UcnUc1zcqKAImBDzukY7Y5F/yQiNdko6+fRLevlw1HgMySw7f611UIY408EtxRSoK3Q=="
  "resolved" "https://registry.npmmirror.com/loose-envify/-/loose-envify-1.4.0.tgz"
  "version" "1.4.0"
  dependencies:
    "js-tokens" "^3.0.0 || ^4.0.0"

"mapvgl@^1.0.0-beta.179":
  "integrity" "sha512-ZXhOq5TZYVZH6t8vehKLDzvtTm70fcgr0QDAEvh5w69JzdDthGUoiI9KxjqYFG6Rt5K5+Xuszo6YFsDXBmbqYg=="
  "resolved" "https://registry.npmmirror.com/mapvgl/-/mapvgl-1.0.0-beta.181.tgz"
  "version" "1.0.0-beta.181"

"react-bmapgl@^0.2.20":
  "integrity" "sha512-mmri3ExN6tED4feJd4fdwv8S2qop9irnmTGdgPUrYogDgOC+c+Hl8Qx3xKyIt1ZG8I8eVH9tXTze7WP+pmh5Gg=="
  "resolved" "https://registry.npmmirror.com/react-bmapgl/-/react-bmapgl-0.2.20.tgz"
  "version" "0.2.20"
  dependencies:
    "mapvgl" "^1.0.0-beta.179"
    "shallowequal" "^1.1.0"

"react-dom@>=16.8.0":
  "integrity" "sha512-6IMTriUmvsjHUjNtEDudZfuDQUoWXVxKHhlEGSk81n4YFS+r/Kl99wXiwlVXtPBtJenozv2P+hxDsw9eA7Xo6g=="
  "resolved" "https://registry.npmmirror.com/react-dom/-/react-dom-18.2.0.tgz"
  "version" "18.2.0"
  dependencies:
    "loose-envify" "^1.1.0"
    "scheduler" "^0.23.0"

"react@^16.8.0 || ^17.0.0 || ^18.0.0", "react@^18.2.0", "react@>=16.8.0":
  "integrity" "sha512-/3IjMdb2L9QbBdWiW5e3P2/npwMBaU9mHCSCUzNln0ZCYbcfTsGbTJrU/kGemdH2IWmB2ioZ+zkxtmq6g09fGQ=="
  "resolved" "https://registry.npmmirror.com/react/-/react-18.2.0.tgz"
  "version" "18.2.0"
  dependencies:
    "loose-envify" "^1.1.0"

"scheduler@^0.23.0":
  "integrity" "sha512-CtuThmgHNg7zIZWAXi3AsyIzA3n4xx7aNyjwC2VJldO2LMVDhFK+63xGqq6CsJH4rTAt6/M+N4GhZiDYPx9eUw=="
  "resolved" "https://registry.npmmirror.com/scheduler/-/scheduler-0.23.0.tgz"
  "version" "0.23.0"
  dependencies:
    "loose-envify" "^1.1.0"

"shallowequal@^1.1.0":
  "integrity" "sha512-y0m1JoUZSlPAjXVtPPW70aZWfIL/dSP7AFkRnniLCrK/8MDKog3TySTBmckD+RObVxH0v4Tox67+F14PdED2oQ=="
  "resolved" "https://registry.npmmirror.com/shallowequal/-/shallowequal-1.1.0.tgz"
  "version" "1.1.0"

"ssf@~0.11.2":
  "integrity" "sha512-+idbmIXoYET47hH+d7dfm2epdOMUDjqcB4648sTZ+t2JwoyBFL/insLfB/racrDmsKB3diwsDA696pZMieAC5g=="
  "resolved" "https://registry.npmmirror.com/ssf/-/ssf-0.11.2.tgz"
  "version" "0.11.2"
  dependencies:
    "frac" "~1.1.2"

"tslib@2.3.0":
  "integrity" "sha512-N82ooyxVNm6h1riLCoyS9e3fuJ3AMG2zIZs2Gd1ATcSFjSA23Q0fzjjZeh0jbJvWVDZ0cJT8yaNNaaXHzueNjg=="
  "resolved" "https://registry.npmmirror.com/tslib/-/tslib-2.3.0.tgz"
  "version" "2.3.0"

"wmf@~1.0.1":
  "integrity" "sha512-/p9K7bEh0Dj6WbXg4JG0xvLQmIadrner1bi45VMJTfnbVHsc7yIajZyoSoK60/dtVBs12Fm6WkUI5/3WAVsNMw=="
  "resolved" "https://registry.npmmirror.com/wmf/-/wmf-1.0.2.tgz"
  "version" "1.0.2"

"word@~0.3.0":
  "integrity" "sha512-OELeY0Q61OXpdUfTp+oweA/vtLVg5VDOXh+3he3PNzLGG/y0oylSOC1xRVj0+l4vQ3tj/bB1HVHv1ocXkQceFA=="
  "resolved" "https://registry.npmmirror.com/word/-/word-0.3.0.tgz"
  "version" "0.3.0"

"xlsx@^0.18.5":
  "integrity" "sha512-dmg3LCjBPHZnQp5/F/+nnTa+miPJxUXB6vtk42YjBBKayDNagxGEeIdWApkYPOf3Z3pm3k62Knjzp7lMeTEtFQ=="
  "resolved" "https://registry.npmmirror.com/xlsx/-/xlsx-0.18.5.tgz"
  "version" "0.18.5"
  dependencies:
    "adler-32" "~1.3.0"
    "cfb" "~1.2.1"
    "codepage" "~1.15.0"
    "crc-32" "~1.2.1"
    "ssf" "~0.11.2"
    "wmf" "~1.0.1"
    "word" "~0.3.0"

"zrender@5.4.3":
  "integrity" "sha512-DRUM4ZLnoaT0PBVvGBDO9oWIDBKFdAVieNWxWwK0niYzJCMwGchRk21/hsE+RKkIveH3XHCyvXcJDkgLVvfizQ=="
  "resolved" "https://registry.npmmirror.com/zrender/-/zrender-5.4.3.tgz"
  "version" "5.4.3"
  dependencies:
    "tslib" "2.3.0"
